# THIS IS AN AUTOGENERATED FILE. DO NOT EDIT THIS FILE DIRECTLY.
# yarn lockfile v1


"@types/async@^3.2.5":
  version "3.2.8"
  resolved "https://registry.yarnpkg.com/@types/async/-/async-3.2.8.tgz#c4171a8990ed9ae4f0843cacbdceb4fabd7cc7e8"
  integrity sha512-1vvBNUF6mY6Px8MZIJoTbCI8h06N9jkIFGbLxaVJk9nX11TlnojrzUoN3MyRgqw5pL67+eV3MUvPX7PqjM5Wbg==

"@types/aws-lambda@^8.10.72":
  version "8.10.83"
  resolved "https://registry.yarnpkg.com/@types/aws-lambda/-/aws-lambda-8.10.83.tgz#66db06cedb7476e860e8655e4387fd2e4385433a"
  integrity sha512-7YsLv/B8rF7K7jYAGmYBxLq3QU+hQV7qNJBMcSCmJCTcXuzoTKGBX8d4v9CsVs0SOKBSAErXG7rtk8jVxiP30g==

"@types/gremlin@^3.4.6":
  version "3.5.0"
  resolved "https://registry.yarnpkg.com/@types/gremlin/-/gremlin-3.5.0.tgz#e4dc4aa0553ecc4f789218cba6ecd6d6600192e2"
  integrity sha512-km32K1KuZZsgOgEGtqDBq6enaI26hHazk/n0n6mpbDmxwDz8i/WXQwM0RPSC6G/X/tieA/Twk5fU7dH1jYu+LA==

async-limiter@~1.0.0:
  version "1.0.1"
  resolved "https://registry.yarnpkg.com/async-limiter/-/async-limiter-1.0.1.tgz#dd379e94f0db8310b08291f9d64c3209766617fd"
  integrity sha512-csOlWGAcRFJaI6m+F2WKdnMKr4HhdhFVBk0H/QbJFMCr+uO2kwohwXQPxw/9OCxp05r5ghVBFSyioixx3gfkNQ==

async@^3.2.0:
  version "3.2.1"
  resolved "https://registry.yarnpkg.com/async/-/async-3.2.1.tgz#d3274ec66d107a47476a4c49136aacdb00665fc8"
  integrity sha512-XdD5lRO/87udXCMC9meWdYiR+Nq6ZjUfXidViUZGu2F1MO4T3XwZ1et0hb2++BgLfhyJwy44BGB/yx80ABx8hg==

axios@^0.21.1:
  version "0.21.4"
  resolved "https://registry.yarnpkg.com/axios/-/axios-0.21.4.tgz#c67b90dc0568e5c1cf2b0b858c43ba28e2eda575"
  integrity sha512-ut5vewkiu8jjGBdqpM44XxjuCjq9LAKeHVmoVfHVzy8eHgxxq8SbAVQNovDA8mVi05kP0Ea/n/UzcSHcTJQfNg==
  dependencies:
    follow-redirects "^1.14.0"

follow-redirects@^1.14.0:
  version "1.14.4"
  resolved "https://registry.yarnpkg.com/follow-redirects/-/follow-redirects-1.14.4.tgz#838fdf48a8bbdd79e52ee51fb1c94e3ed98b9379"
  integrity sha512-zwGkiSXC1MUJG/qmeIFH2HBJx9u0V46QGUe3YR1fXG8bXQxq7fLj0RjLZQ5nubr9qNJUZrH+xUcwXEoXNpfS+g==

gremlin@^3.4.10:
  version "3.5.1"
  resolved "https://registry.yarnpkg.com/gremlin/-/gremlin-3.5.1.tgz#ac7f957f0159ee7c60ee48ddb502e463e7cb373e"
  integrity sha512-MKNQCuEQ9TwdcXImj/EFP999xFrriIpyWlKsPfErxGTl4qAqFNDzIQxZe7Z4PZcGdYKlhjIOAiXPprCYk/CDKw==
  dependencies:
    ws "^6.2.2"

ws@^6.2.2:
  version "6.2.2"
  resolved "https://registry.yarnpkg.com/ws/-/ws-6.2.2.tgz#dd5cdbd57a9979916097652d78f1cc5faea0c32e"
  integrity sha512-zmhltoSR8u1cnDsD43TX59mzoMZsLKqUweyYBAIvTngR3shc0W6aOZylZmq/7hqyVxPdi+5Ud2QInblgyE72fw==
  dependencies:
    async-limiter "~1.0.0"
